
Microsoft Visual Studio Solution File, Format Version 12.00
# Visual Studio Version 16
VisualStudioVersion = 16.0.29709.97
MinimumVisualStudioVersion = 10.0.40219.1
Project("{9A19103F-16F7-4668-BE54-9A1E7A4F7556}") = "InfluxDB.Client.Buffered", "InfluxDB.Client.Buffered\InfluxDB.Client.Buffered.csproj", "{8ECFA134-1131-48AA-8433-83ACCB1E17FF}"
EndProject
Project("{9A19103F-16F7-4668-BE54-9A1E7A4F7556}") = "InfluxDB.Client.Buffered.Extensions", "InfluxDB.Client.Buffered.Extensions\InfluxDB.Client.Buffered.Extensions.csproj", "{98F6B5AD-334A-487B-8B9F-C7EEE2A321C8}"
EndProject
Project("{2150E333-8FDC-42A3-9474-1A3956D46DE8}") = "sample", "sample", "{60E8E271-C4BC-4BC6-9C3B-AB22DD1CE83B}"
EndProject
Project("{9A19103F-16F7-4668-BE54-9A1E7A4F7556}") = "InfluxDB.Client.Buffered.AspNetCore", "..\sample\InfluxDB.Client.Buffered.AspNetCore\InfluxDB.Client.Buffered.AspNetCore.csproj", "{75C019C3-B375-4DA1-9BD6-AACB06E34366}"
EndProject
Global
	GlobalSection(SolutionConfigurationPlatforms) = preSolution
		Debug|Any CPU = Debug|Any CPU
		Release|Any CPU = Release|Any CPU
	EndGlobalSection
	GlobalSection(ProjectConfigurationPlatforms) = postSolution
		{8ECFA134-1131-48AA-8433-83ACCB1E17FF}.Debug|Any CPU.ActiveCfg = Debug|Any CPU
		{8ECFA134-1131-48AA-8433-83ACCB1E17FF}.Debug|Any CPU.Build.0 = Debug|Any CPU
		{8ECFA134-1131-48AA-8433-83ACCB1E17FF}.Release|Any CPU.ActiveCfg = Release|Any CPU
		{8ECFA134-1131-48AA-8433-83ACCB1E17FF}.Release|Any CPU.Build.0 = Release|Any CPU
		{98F6B5AD-334A-487B-8B9F-C7EEE2A321C8}.Debug|Any CPU.ActiveCfg = Debug|Any CPU
		{98F6B5AD-334A-487B-8B9F-C7EEE2A321C8}.Debug|Any CPU.Build.0 = Debug|Any CPU
		{98F6B5AD-334A-487B-8B9F-C7EEE2A321C8}.Release|Any CPU.ActiveCfg = Release|Any CPU
		{98F6B5AD-334A-487B-8B9F-C7EEE2A321C8}.Release|Any CPU.Build.0 = Release|Any CPU
		{75C019C3-B375-4DA1-9BD6-AACB06E34366}.Debug|Any CPU.ActiveCfg = Debug|Any CPU
		{75C019C3-B375-4DA1-9BD6-AACB06E34366}.Debug|Any CPU.Build.0 = Debug|Any CPU
		{75C019C3-B375-4DA1-9BD6-AACB06E34366}.Release|Any CPU.ActiveCfg = Release|Any CPU
		{75C019C3-B375-4DA1-9BD6-AACB06E34366}.Release|Any CPU.Build.0 = Release|Any CPU
	EndGlobalSection
	GlobalSection(SolutionProperties) = preSolution
		HideSolutionNode = FALSE
	EndGlobalSection
	GlobalSection(NestedProjects) = preSolution
		{75C019C3-B375-4DA1-9BD6-AACB06E34366} = {60E8E271-C4BC-4BC6-9C3B-AB22DD1CE83B}
	EndGlobalSection
	GlobalSection(ExtensibilityGlobals) = postSolution
		SolutionGuid = {81504E6C-5DF6-4E61-939A-93EDE90CEE0C}
	EndGlobalSection
EndGlobal
